{
  "version": "4",
  "specifiers": {
    "jsr:@std/assert@*": "1.0.9",
    "jsr:@std/assert@1": "1.0.9",
    "jsr:@std/data-structures@*": "1.0.4",
    "jsr:@std/internal@^1.0.5": "1.0.5"
  },
  "jsr": {
    "@std/assert@1.0.9": {
      "integrity": "a9f0c611a869cc791b26f523eec54c7e187aab7932c2c8e8bea0622d13680dcd",
      "dependencies": [
        "jsr:@std/internal"
      ]
    },
    "@std/data-structures@1.0.4": {
      "integrity": "fa0e20c11eb9ba673417450915c750a0001405a784e2a4e0c3725031681684a0"
    },
    "@std/internal@1.0.5": {
      "integrity": "54a546004f769c1ac9e025abd15a76b6671ddc9687e2313b67376125650dc7ba"
    }
  },
  "redirects": {
    "http://raw.github.com/JustinHoyt/data-structures/refs/heads/main/heap.ts": "https://raw.github.com/JustinHoyt/data-structures/refs/heads/main/heap.ts",
    "https://raw.github.com/JustinHoyt/data-structures/refs/heads/main/heap.ts": "https://raw.githubusercontent.com/JustinHoyt/data-structures/refs/heads/main/heap.ts",
    "https://raw.github.com/justinhoyt/data-structures/main/heap.ts": "https://raw.githubusercontent.com/justinhoyt/data-structures/main/heap.ts",
    "https://raw.github.com/justinhoyt/data-structures/refs/heads/main/heap.ts": "https://raw.githubusercontent.com/justinhoyt/data-structures/refs/heads/main/heap.ts"
  },
  "remote": {
    "https://raw.githubusercontent.com/JustinHoyt/data-structures/refs/heads/main/heap.ts": "ac2d04f5971dce7028c8ad5039503ecf1126ec4f258786af27a9647e439e5fd3",
    "https://raw.githubusercontent.com/justinhoyt/data-structures/main/heap.ts": "ac2d04f5971dce7028c8ad5039503ecf1126ec4f258786af27a9647e439e5fd3",
    "https://raw.githubusercontent.com/justinhoyt/data-structures/refs/heads/main/heap.ts": "ac2d04f5971dce7028c8ad5039503ecf1126ec4f258786af27a9647e439e5fd3"
  },
  "workspace": {
    "dependencies": [
      "jsr:@std/assert@1"
    ]
  }
}
